<Solution>
  <Project Path="osu.Game.Plugins/osu.Game.Plugins.csproj" />
  <Project Path="AccessItEasy/AccessItEasy.Fody/AccessItEasy.Fody.csproj" />
  <Project Path="AccessItEasy/AccessItEasy/AccessItEasy.csproj" />
  <Project Path="osu.Game.Plugins.Skins/osu.Game.Plugins.Skins.csproj" />
  <Project Path="osu.Game.Rulesets.PluginsLoader/osu.Game.Rulesets.PluginsLoader.csproj" />
  <Project Path="osu.Game.Rulesets.PluginsLoader.Tests/osu.Game.Rulesets.PluginsLoader.Tests.csproj" />
  <Project Path="osu.Plugin.LegacyExperience/osu.Plugin.LegacyExperience.csproj" />
  <Project Path="osu.Plugin.LegacyExperience.Tests/osu.Plugin.LegacyExperience.Tests.csproj" />
  <Project Path="osu.Plugin.MainMenuPlayer/osu.Plugin.MainMenuPlayer.csproj" />
  <Project Path="osu.Plugin.StableIntegration/osu.Plugin.StableIntegration.csproj" />
  <Project Path="osu.Plugin.Template/osu.Plugin.Template.csproj" />
  <Project Path="osu.Plugin.Trainer/osu.Plugin.Trainer.csproj" />
  <Project Path="osu.Plugin.Patches/osu.Plugin.Patches.csproj" />
</Solution>
